// !$*UTF8*$!
{
	archiveVersion = 1;
	classes = {
	};
	objectVersion = 50;
	objects = {

/* Begin PBXBuildFile section */
		2B44B91B25F27C780034E00F /* AppDelegate.swift in Sources */ = {isa = PBXBuildFile; fileRef = 2B44B91A25F27C780034E00F /* AppDelegate.swift */; };
		2B44B91D25F27C780034E00F /* SceneDelegate.swift in Sources */ = {isa = PBXBuildFile; fileRef = 2B44B91C25F27C780034E00F /* SceneDelegate.swift */; };
		2B44B91F25F27C780034E00F /* ViewController.swift in Sources */ = {isa = PBXBuildFile; fileRef = 2B44B91E25F27C780034E00F /* ViewController.swift */; };
		2B44B92225F27C780034E00F /* Main.storyboard in Resources */ = {isa = PBXBuildFile; fileRef = 2B44B92025F27C780034E00F /* Main.storyboard */; };
		2B44B92425F27C7C0034E00F /* Assets.xcassets in Resources */ = {isa = PBXBuildFile; fileRef = 2B44B92325F27C7C0034E00F /* Assets.xcassets */; };
		2B44B92725F27C7C0034E00F /* LaunchScreen.storyboard in Resources */ = {isa = PBXBuildFile; fileRef = 2B44B92525F27C7C0034E00F /* LaunchScreen.storyboard */; };
		2B44B93225F27C7C0034E00F /* WeatherApp2Tests.swift in Sources */ = {isa = PBXBuildFile; fileRef = 2B44B93125F27C7C0034E00F /* WeatherApp2Tests.swift */; };
		2B44B93D25F27C7C0034E00F /* WeatherApp2UITests.swift in Sources */ = {isa = PBXBuildFile; fileRef = 2B44B93C25F27C7C0034E00F /* WeatherApp2UITests.swift */; };
/* End PBXBuildFile section */

/* Begin PBXContainerItemProxy section */
		2B44B92E25F27C7C0034E00F /* PBXContainerItemProxy */ = {
			isa = PBXContainerItemProxy;
			containerPortal = 2B44B90F25F27C780034E00F /* Project object */;
			proxyType = 1;
			remoteGlobalIDString = 2B44B91625F27C780034E00F;
			remoteInfo = WeatherApp2;
		};
		2B44B93925F27C7C0034E00F /* PBXContainerItemProxy */ = {
			isa = PBXContainerItemProxy;
			containerPortal = 2B44B90F25F27C780034E00F /* Project object */;
			proxyType = 1;
			remoteGlobalIDString = 2B44B91625F27C780034E00F;
			remoteInfo = WeatherApp2;
		};
/* End PBXContainerItemProxy section */

/* Begin PBXFileReference section */
		2B44B91725F27C780034E00F /* WeatherApp2.app */ = {isa = PBXFileReference; explicitFileType = wrapper.application; includeInIndex = 0; path = WeatherApp2.app; sourceTree = BUILT_PRODUCTS_DIR; };
		2B44B91A25F27C780034E00F /* AppDelegate.swift */ = {isa = PBXFileReference; lastKnownFileType = sourcecode.swift; path = AppDelegate.swift; sourceTree = "<group>"; };
		2B44B91C25F27C780034E00F /* SceneDelegate.swift */ = {isa = PBXFileReference; lastKnownFileType = sourcecode.swift; path = SceneDelegate.swift; sourceTree = "<group>"; };
		2B44B91E25F27C780034E00F /* ViewController.swift */ = {isa = PBXFileReference; lastKnownFileType = sourcecode.swift; path = ViewController.swift; sourceTree = "<group>"; };
		2B44B92125F27C780034E00F /* Base */ = {isa = PBXFileReference; lastKnownFileType = file.storyboard; name = Base; path = Base.lproj/Main.storyboard; sourceTree = "<group>"; };
		2B44B92325F27C7C0034E00F /* Assets.xcassets */ = {isa = PBXFileReference; lastKnownFileType = folder.assetcatalog; path = Assets.xcassets; sourceTree = "<group>"; };
		2B44B92625F27C7C0034E00F /* Base */ = {isa = PBXFileReference; lastKnownFileType = file.storyboard; name = Base; path = Base.lproj/LaunchScreen.storyboard; sourceTree = "<group>"; };
		2B44B92825F27C7C0034E00F /* Info.plist */ = {isa = PBXFileReference; lastKnownFileType = text.plist.xml; path = Info.plist; sourceTree = "<group>"; };
		2B44B92D25F27C7C0034E00F /* WeatherApp2Tests.xctest */ = {isa = PBXFileReference; explicitFileType = wrapper.cfbundle; includeInIndex = 0; path = WeatherApp2Tests.xctest; sourceTree = BUILT_PRODUCTS_DIR; };
		2B44B93125F27C7C0034E00F /* WeatherApp2Tests.swift */ = {isa = PBXFileReference; lastKnownFileType = sourcecode.swift; path = WeatherApp2Tests.swift; sourceTree = "<group>"; };
		2B44B93325F27C7C0034E00F /* Info.plist */ = {isa = PBXFileReference; lastKnownFileType = text.plist.xml; path = Info.plist; sourceTree = "<group>"; };
		2B44B93825F27C7C0034E00F /* WeatherApp2UITests.xctest */ = {isa = PBXFileReference; explicitFileType = wrapper.cfbundle; includeInIndex = 0; path = WeatherApp2UITests.xctest; sourceTree = BUILT_PRODUCTS_DIR; };
		2B44B93C25F27C7C0034E00F /* WeatherApp2UITests.swift */ = {isa = PBXFileReference; lastKnownFileType = sourcecode.swift; path = WeatherApp2UITests.swift; sourceTree = "<group>"; };
		2B44B93E25F27C7C0034E00F /* Info.plist */ = {isa = PBXFileReference; lastKnownFileType = text.plist.xml; path = Info.plist; sourceTree = "<group>"; };
/* End PBXFileReference section */

/* Begin PBXFrameworksBuildPhase section */
		2B44B91425F27C780034E00F /* Frameworks */ = {
			isa = PBXFrameworksBuildPhase;
			buildActionMask = 2147483647;
			files = (
			);
			runOnlyForDeploymentPostprocessing = 0;
		};
		2B44B92A25F27C7C0034E00F /* Frameworks */ = {
			isa = PBXFrameworksBuildPhase;
			buildActionMask = 2147483647;
			files = (
			);
			runOnlyForDeploymentPostprocessing = 0;
		};
		2B44B93525F27C7C0034E00F /* Frameworks */ = {
			isa = PBXFrameworksBuildPhase;
			buildActionMask = 2147483647;
			files = (
			);
			runOnlyForDeploymentPostprocessing = 0;
		};
/* End PBXFrameworksBuildPhase section */

/* Begin PBXGroup section */
		2B44B90E25F27C780034E00F = {
			isa = PBXGroup;
			children = (
				2B44B91925F27C780034E00F /* WeatherApp2 */,
				2B44B93025F27C7C0034E00F /* WeatherApp2Tests */,
				2B44B93B25F27C7C0034E00F /* WeatherApp2UITests */,
				2B44B91825F27C780034E00F /* Products */,
			);
			sourceTree = "<group>";
		};
		2B44B91825F27C780034E00F /* Products */ = {
			isa = PBXGroup;
			children = (
				2B44B91725F27C780034E00F /* WeatherApp2.app */,
				2B44B92D25F27C7C0034E00F /* WeatherApp2Tests.xctest */,
				2B44B93825F27C7C0034E00F /* WeatherApp2UITests.xctest */,
			);
			name = Products;
			sourceTree = "<group>";
		};
		2B44B91925F27C780034E00F /* WeatherApp2 */ = {
			isa = PBXGroup;
			children = (
				2B44B91A25F27C780034E00F /* AppDelegate.swift */,
				2B44B91C25F27C780034E00F /* SceneDelegate.swift */,
				2B44B91E25F27C780034E00F /* ViewController.swift */,
				2B44B92025F27C780034E00F /* Main.storyboard */,
				2B44B92325F27C7C0034E00F /* Assets.xcassets */,
				2B44B92525F27C7C0034E00F /* LaunchScreen.storyboard */,
				2B44B92825F27C7C0034E00F /* Info.plist */,
			);
			path = WeatherApp2;
			sourceTree = "<group>";
		};
		2B44B93025F27C7C0034E00F /* WeatherApp2Tests */ = {
			isa = PBXGroup;
			children = (
				2B44B93125F27C7C0034E00F /* WeatherApp2Tests.swift */,
				2B44B93325F27C7C0034E00F /* Info.plist */,
			);
			path = WeatherApp2Tests;
			sourceTree = "<group>";
		};
		2B44B93B25F27C7C0034E00F /* WeatherApp2UITests */ = {
			isa = PBXGroup;
			children = (
				2B44B93C25F27C7C0034E00F /* WeatherApp2UITests.swift */,
				2B44B93E25F27C7C0034E00F /* Info.plist */,
			);
			path = WeatherApp2UITests;
			sourceTree = "<group>";
		};
/* End PBXGroup section */

/* Begin PBXNativeTarget section */
		2B44B91625F27C780034E00F /* WeatherApp2 */ = {
			isa = PBXNativeTarget;
			buildConfigurationList = 2B44B94125F27C7C0034E00F /* Build configuration list for PBXNativeTarget "WeatherApp2" */;
			buildPhases = (
				2B44B91325F27C780034E00F /* Sources */,
				2B44B91425F27C780034E00F /* Frameworks */,
				2B44B91525F27C780034E00F /* Resources */,
			);
			buildRules = (
			);
			dependencies = (
			);
			name = WeatherApp2;
			productName = WeatherApp2;
			productReference = 2B44B91725F27C780034E00F /* WeatherApp2.app */;
			productType = "com.apple.product-type.application";
		};
		2B44B92C25F27C7C0034E00F /* WeatherApp2Tests */ = {
			isa = PBXNativeTarget;
			buildConfigurationList = 2B44B94425F27C7C0034E00F /* Build configuration list for PBXNativeTarget "WeatherApp2Tests" */;
			buildPhases = (
				2B44B92925F27C7C0034E00F /* Sources */,
				2B44B92A25F27C7C0034E00F /* Frameworks */,
				2B44B92B25F27C7C0034E00F /* Resources */,
			);
			buildRules = (
			);
			dependencies = (
				2B44B92F25F27C7C0034E00F /* PBXTargetDependency */,
			);
			name = WeatherApp2Tests;
			productName = WeatherApp2Tests;
			productReference = 2B44B92D25F27C7C0034E00F /* WeatherApp2Tests.xctest */;
			productType = "com.apple.product-type.bundle.unit-test";
		};
		2B44B93725F27C7C0034E00F /* WeatherApp2UITests */ = {
			isa = PBXNativeTarget;
			buildConfigurationList = 2B44B94725F27C7C0034E00F /* Build configuration list for PBXNativeTarget "WeatherApp2UITests" */;
			buildPhases = (
				2B44B93425F27C7C0034E00F /* Sources */,
				2B44B93525F27C7C0034E00F /* Frameworks */,
				2B44B93625F27C7C0034E00F /* Resources */,
			);
			buildRules = (
			);
			dependencies = (
				2B44B93A25F27C7C0034E00F /* PBXTargetDependency */,
			);
			name = WeatherApp2UITests;
			productName = WeatherApp2UITests;
			productReference = 2B44B93825F27C7C0034E00F /* WeatherApp2UITests.xctest */;
			productType = "com.apple.product-type.bundle.ui-testing";
		};
/* End PBXNativeTarget section */

/* Begin PBXProject section */
		2B44B90F25F27C780034E00F /* Project object */ = {
			isa = PBXProject;
			attributes = {
				LastSwiftUpdateCheck = 1240;
				LastUpgradeCheck = 1240;
				TargetAttributes = {
					2B44B91625F27C780034E00F = {
						CreatedOnToolsVersion = 12.4;
					};
					2B44B92C25F27C7C0034E00F = {
						CreatedOnToolsVersion = 12.4;
						TestTargetID = 2B44B91625F27C780034E00F;
					};
					2B44B93725F27C7C0034E00F = {
						CreatedOnToolsVersion = 12.4;
						TestTargetID = 2B44B91625F27C780034E00F;
					};
				};
			};
			buildConfigurationList = 2B44B91225F27C780034E00F /* Build configuration list for PBXProject "WeatherApp2" */;
			compatibilityVersion = "Xcode 9.3";
			developmentRegion = en;
			hasScannedForEncodings = 0;
			knownRegions = (
				en,
				Base,
			);
			mainGroup = 2B44B90E25F27C780034E00F;
			productRefGroup = 2B44B91825F27C780034E00F /* Products */;
			projectDirPath = "";
			projectRoot = "";
			targets = (
				2B44B91625F27C780034E00F /* WeatherApp2 */,
				2B44B92C25F27C7C0034E00F /* WeatherApp2Tests */,
				2B44B93725F27C7C0034E00F /* WeatherApp2UITests */,
			);
		};
/* End PBXProject section */

/* Begin PBXResourcesBuildPhase section */
		2B44B91525F27C780034E00F /* Resources */ = {
			isa = PBXResourcesBuildPhase;
			buildActionMask = 2147483647;
			files = (
				2B44B92725F27C7C0034E00F /* LaunchScreen.storyboard in Resources */,
				2B44B92425F27C7C0034E00F /* Assets.xcassets in Resources */,
				2B44B92225F27C780034E00F /* Main.storyboard in Resources */,
			);
			runOnlyForDeploymentPostprocessing = 0;
		};
		2B44B92B25F27C7C0034E00F /* Resources */ = {
			isa = PBXResourcesBuildPhase;
			buildActionMask = 2147483647;
			files = (
			);
			runOnlyForDeploymentPostprocessing = 0;
		};
		2B44B93625F27C7C0034E00F /* Resources */ = {
			isa = PBXResourcesBuildPhase;
			buildActionMask = 2147483647;
			files = (
			);
			runOnlyForDeploymentPostprocessing = 0;
		};
/* End PBXResourcesBuildPhase section */

/* Begin PBXSourcesBuildPhase section */
		2B44B91325F27C780034E00F /* Sources */ = {
			isa = PBXSourcesBuildPhase;
			buildActionMask = 2147483647;
			files = (
				2B44B91F25F27C780034E00F /* ViewController.swift in Sources */,
				2B44B91B25F27C780034E00F /* AppDelegate.swift in Sources */,
				2B44B91D25F27C780034E00F /* SceneDelegate.swift in Sources */,
			);
			runOnlyForDeploymentPostprocessing = 0;
		};
		2B44B92925F27C7C0034E00F /* Sources */ = {
			isa = PBXSourcesBuildPhase;
			buildActionMask = 2147483647;
			files = (
				2B44B93225F27C7C0034E00F /* WeatherApp2Tests.swift in Sources */,
			);
			runOnlyForDeploymentPostprocessing = 0;
		};
		2B44B93425F27C7C0034E00F /* Sources */ = {
			isa = PBXSourcesBuildPhase;
			buildActionMask = 2147483647;
			files = (
				2B44B93D25F27C7C0034E00F /* WeatherApp2UITests.swift in Sources */,
			);
			runOnlyForDeploymentPostprocessing = 0;
		};
/* End PBXSourcesBuildPhase section */

/* Begin PBXTargetDependency section */
		2B44B92F25F27C7C0034E00F /* PBXTargetDependency */ = {
			isa = PBXTargetDependency;
			target = 2B44B91625F27C780034E00F /* WeatherApp2 */;
			targetProxy = 2B44B92E25F27C7C0034E00F /* PBXContainerItemProxy */;
		};
		2B44B93A25F27C7C0034E00F /* PBXTargetDependency */ = {
			isa = PBXTargetDependency;
			target = 2B44B91625F27C780034E00F /* WeatherApp2 */;
			targetProxy = 2B44B93925F27C7C0034E00F /* PBXContainerItemProxy */;
		};
/* End PBXTargetDependency section */

/* Begin PBXVariantGroup section */
		2B44B92025F27C780034E00F /* Main.storyboard */ = {
			isa = PBXVariantGroup;
			children = (
				2B44B92125F27C780034E00F /* Base */,
			);
			name = Main.storyboard;
			sourceTree = "<group>";
		};
		2B44B92525F27C7C0034E00F /* LaunchScreen.storyboard */ = {
			isa = PBXVariantGroup;
			children = (
				2B44B92625F27C7C0034E00F /* Base */,
			);
			name = LaunchScreen.storyboard;
			sourceTree = "<group>";
		};
/* End PBXVariantGroup section */

/* Begin XCBuildConfiguration section */
		2B44B93F25F27C7C0034E00F /* Debug */ = {
			isa = XCBuildConfiguration;
			buildSettings = {
				ALWAYS_SEARCH_USER_PATHS = NO;
				CLANG_ANALYZER_NONNULL = YES;
				CLANG_ANALYZER_NUMBER_OBJECT_CONVERSION = YES_AGGRESSIVE;
				CLANG_CXX_LANGUAGE_STANDARD = "gnu++14";
				CLANG_CXX_LIBRARY = "libc++";
				CLANG_ENABLE_MODULES = YES;
				CLANG_ENABLE_OBJC_ARC = YES;
				CLANG_ENABLE_OBJC_WEAK = YES;
				CLANG_WARN_BLOCK_CAPTURE_AUTORELEASING = YES;
				CLANG_WARN_BOOL_CONVERSION = YES;
				CLANG_WARN_COMMA = YES;
				CLANG_WARN_CONSTANT_CONVERSION = YES;
				CLANG_WARN_DEPRECATED_OBJC_IMPLEMENTATIONS = YES;
				CLANG_WARN_DIRECT_OBJC_ISA_USAGE = YES_ERROR;
				CLANG_WARN_DOCUMENTATION_COMMENTS = YES;
				CLANG_WARN_EMPTY_BODY = YES;
				CLANG_WARN_ENUM_CONVERSION = YES;
				CLANG_WARN_INFINITE_RECURSION = YES;
				CLANG_WARN_INT_CONVERSION = YES;
				CLANG_WARN_NON_LITERAL_NULL_CONVERSION = YES;
				CLANG_WARN_OBJC_IMPLICIT_RETAIN_SELF = YES;
				CLANG_WARN_OBJC_LITERAL_CONVERSION = YES;
				CLANG_WARN_OBJC_ROOT_CLASS = YES_ERROR;
				CLANG_WARN_QUOTED_INCLUDE_IN_FRAMEWORK_HEADER = YES;
				CLANG_WARN_RANGE_LOOP_ANALYSIS = YES;
				CLANG_WARN_STRICT_PROTOTYPES = YES;
				CLANG_WARN_SUSPICIOUS_MOVE = YES;
				CLANG_WARN_UNGUARDED_AVAILABILITY = YES_AGGRESSIVE;
				CLANG_WARN_UNREACHABLE_CODE = YES;
				CLANG_WARN__DUPLICATE_METHOD_MATCH = YES;
				COPY_PHASE_STRIP = NO;
				DEBUG_INFORMATION_FORMAT = dwarf;
				ENABLE_STRICT_OBJC_MSGSEND = YES;
				ENABLE_TESTABILITY = YES;
				GCC_C_LANGUAGE_STANDARD = gnu11;
				GCC_DYNAMIC_NO_PIC = NO;
				GCC_NO_COMMON_BLOCKS = YES;
				GCC_OPTIMIZATION_LEVEL = 0;
				GCC_PREPROCESSOR_DEFINITIONS = (
					"DEBUG=1",
					"$(inherited)",
				);
				GCC_WARN_64_TO_32_BIT_CONVERSION = YES;
				GCC_WARN_ABOUT_RETURN_TYPE = YES_ERROR;
				GCC_WARN_UNDECLARED_SELECTOR = YES;
				GCC_WARN_UNINITIALIZED_AUTOS = YES_AGGRESSIVE;
				GCC_WARN_UNUSED_FUNCTION = YES;
				GCC_WARN_UNUSED_VARIABLE = YES;
				IPHONEOS_DEPLOYMENT_TARGET = 14.4;
				MTL_ENABLE_DEBUG_INFO = INCLUDE_SOURCE;
				MTL_FAST_MATH = YES;
				ONLY_ACTIVE_ARCH = YES;
				SDKROOT = iphoneos;
				SWIFT_ACTIVE_COMPILATION_CONDITIONS = DEBUG;
				SWIFT_OPTIMIZATION_LEVEL = "-Onone";
			};
			name = Debug;
		};
		2B44B94025F27C7C0034E00F /* Release */ = {
			isa = XCBuildConfiguration;
			buildSettings = {
				ALWAYS_SEARCH_USER_PATHS = NO;
				CLANG_ANALYZER_NONNULL = YES;
				CLANG_ANALYZER_NUMBER_OBJECT_CONVERSION = YES_AGGRESSIVE;
				CLANG_CXX_LANGUAGE_STANDARD = "gnu++14";
				CLANG_CXX_LIBRARY = "libc++";
				CLANG_ENABLE_MODULES = YES;
				CLANG_ENABLE_OBJC_ARC = YES;
				CLANG_ENABLE_OBJC_WEAK = YES;
				CLANG_WARN_BLOCK_CAPTURE_AUTORELEASING = YES;
				CLANG_WARN_BOOL_CONVERSION = YES;
				CLANG_WARN_COMMA = YES;
				CLANG_WARN_CONSTANT_CONVERSION = YES;
				CLANG_WARN_DEPRECATED_OBJC_IMPLEMENTATIONS = YES;
				CLANG_WARN_DIRECT_OBJC_ISA_USAGE = YES_ERROR;
				CLANG_WARN_DOCUMENTATION_COMMENTS = YES;
				CLANG_WARN_EMPTY_BODY = YES;
				CLANG_WARN_ENUM_CONVERSION = YES;
				CLANG_WARN_INFINITE_RECURSION = YES;
				CLANG_WARN_INT_CONVERSION = YES;
				CLANG_WARN_NON_LITERAL_NULL_CONVERSION = YES;
				CLANG_WARN_OBJC_IMPLICIT_RETAIN_SELF = YES;
				CLANG_WARN_OBJC_LITERAL_CONVERSION = YES;
				CLANG_WARN_OBJC_ROOT_CLASS = YES_ERROR;
				CLANG_WARN_QUOTED_INCLUDE_IN_FRAMEWORK_HEADER = YES;
				CLANG_WARN_RANGE_LOOP_ANALYSIS = YES;
				CLANG_WARN_STRICT_PROTOTYPES = YES;
				CLANG_WARN_SUSPICIOUS_MOVE = YES;
				CLANG_WARN_UNGUARDED_AVAILABILITY = YES_AGGRESSIVE;
				CLANG_WARN_UNREACHABLE_CODE = YES;
				CLANG_WARN__DUPLICATE_METHOD_MATCH = YES;
				COPY_PHASE_STRIP = NO;
				DEBUG_INFORMATION_FORMAT = "dwarf-with-dsym";
				ENABLE_NS_ASSERTIONS = NO;
				ENABLE_STRICT_OBJC_MSGSEND = YES;
				GCC_C_LANGUAGE_STANDARD = gnu11;
				GCC_NO_COMMON_BLOCKS = YES;
				GCC_WARN_64_TO_32_BIT_CONVERSION = YES;
				GCC_WARN_ABOUT_RETURN_TYPE = YES_ERROR;
				GCC_WARN_UNDECLARED_SELECTOR = YES;
				GCC_WARN_UNINITIALIZED_AUTOS = YES_AGGRESSIVE;
				GCC_WARN_UNUSED_FUNCTION = YES;
				GCC_WARN_UNUSED_VARIABLE = YES;
				IPHONEOS_DEPLOYMENT_TARGET = 14.4;
				MTL_ENABLE_DEBUG_INFO = NO;
				MTL_FAST_MATH = YES;
				SDKROOT = iphoneos;
				SWIFT_COMPILATION_MODE = wholemodule;
				SWIFT_OPTIMIZATION_LEVEL = "-O";
				VALIDATE_PRODUCT = YES;
			};
			name = Release;
		};
		2B44B94225F27C7C0034E00F /* Debug */ = {
			isa = XCBuildConfiguration;
			buildSettings = {
				ASSETCATALOG_COMPILER_APPICON_NAME = AppIcon;
				ASSETCATALOG_COMPILER_GLOBAL_ACCENT_COLOR_NAME = AccentColor;
				CODE_SIGN_STYLE = Automatic;
				DEVELOPMENT_TEAM = 7TGA44R678;
				INFOPLIST_FILE = WeatherApp2/Info.plist;
				LD_RUNPATH_SEARCH_PATHS = (
					"$(inherited)",
					"@executable_path/Frameworks",
				);
				PRODUCT_BUNDLE_IDENTIFIER = com.AppByNurlan.WeatherApp2;
				PRODUCT_NAME = "$(TARGET_NAME)";
				SWIFT_VERSION = 5.0;
				TARGETED_DEVICE_FAMILY = "1,2";
			};
			name = Debug;
		};
		2B44B94325F27C7C0034E00F /* Release */ = {
			isa = XCBuildConfiguration;
			buildSettings = {
				ASSETCATALOG_COMPILER_APPICON_NAME = AppIcon;
				ASSETCATALOG_COMPILER_GLOBAL_ACCENT_COLOR_NAME = AccentColor;
				CODE_SIGN_STYLE = Automatic;
				DEVELOPMENT_TEAM = 7TGA44R678;
				INFOPLIST_FILE = WeatherApp2/Info.plist;
				LD_RUNPATH_SEARCH_PATHS = (
					"$(inherited)",
					"@executable_path/Frameworks",
				);
				PRODUCT_BUNDLE_IDENTIFIER = com.AppByNurlan.WeatherApp2;
				PRODUCT_NAME = "$(TARGET_NAME)";
				SWIFT_VERSION = 5.0;
				TARGETED_DEVICE_FAMILY = "1,2";
			};
			name = Release;
		};
		2B44B94525F27C7C0034E00F /* Debug */ = {
			isa = XCBuildConfiguration;
			buildSettings = {
				ALWAYS_EMBED_SWIFT_STANDARD_LIBRARIES = YES;
				BUNDLE_LOADER = "$(TEST_HOST)";
				CODE_SIGN_STYLE = Automatic;
				DEVELOPMENT_TEAM = 7TGA44R678;
				INFOPLIST_FILE = WeatherApp2Tests/Info.plist;
				IPHONEOS_DEPLOYMENT_TARGET = 14.4;
				LD_RUNPATH_SEARCH_PATHS = (
					"$(inherited)",
					"@executable_path/Frameworks",
					"@loader_path/Frameworks",
				);
				PRODUCT_BUNDLE_IDENTIFIER = com.AppByNurlan.WeatherApp2Tests;
				PRODUCT_NAME = "$(TARGET_NAME)";
				SWIFT_VERSION = 5.0;
				TARGETED_DEVICE_FAMILY = "1,2";
				TEST_HOST = "$(BUILT_PRODUCTS_DIR)/WeatherApp2.app/WeatherApp2";
			};
			name = Debug;
		};
		2B44B94625F27C7C0034E00F /* Release */ = {
			isa = XCBuildConfiguration;
			buildSettings = {
				ALWAYS_EMBED_SWIFT_STANDARD_LIBRARIES = YES;
				BUNDLE_LOADER = "$(TEST_HOST)";
				CODE_SIGN_STYLE = Automatic;
				DEVELOPMENT_TEAM = 7TGA44R678;
				INFOPLIST_FILE = WeatherApp2Tests/Info.plist;
				IPHONEOS_DEPLOYMENT_TARGET = 14.4;
				LD_RUNPATH_SEARCH_PATHS = (
					"$(inherited)",
					"@executable_path/Frameworks",
					"@loader_path/Frameworks",
				);
				PRODUCT_BUNDLE_IDENTIFIER = com.AppByNurlan.WeatherApp2Tests;
				PRODUCT_NAME = "$(TARGET_NAME)";
				SWIFT_VERSION = 5.0;
				TARGETED_DEVICE_FAMILY = "1,2";
				TEST_HOST = "$(BUILT_PRODUCTS_DIR)/WeatherApp2.app/WeatherApp2";
			};
			name = Release;
		};
		2B44B94825F27C7C0034E00F /* Debug */ = {
			isa = XCBuildConfiguration;
			buildSettings = {
				ALWAYS_EMBED_SWIFT_STANDARD_LIBRARIES = YES;
				CODE_SIGN_STYLE = Automatic;
				DEVELOPMENT_TEAM = 7TGA44R678;
				INFOPLIST_FILE = WeatherApp2UITests/Info.plist;
				LD_RUNPATH_SEARCH_PATHS = (
					"$(inherited)",
					"@executable_path/Frameworks",
					"@loader_path/Frameworks",
				);
				PRODUCT_BUNDLE_IDENTIFIER = com.AppByNurlan.WeatherApp2UITests;
				PRODUCT_NAME = "$(TARGET_NAME)";
				SWIFT_VERSION = 5.0;
				TARGETED_DEVICE_FAMILY = "1,2";
				TEST_TARGET_NAME = WeatherApp2;
			};
			name = Debug;
		};
		2B44B94925F27C7C0034E00F /* Release */ = {
			isa = XCBuildConfiguration;
			buildSettings = {
				ALWAYS_EMBED_SWIFT_STANDARD_LIBRARIES = YES;
				CODE_SIGN_STYLE = Automatic;
				DEVELOPMENT_TEAM = 7TGA44R678;
				INFOPLIST_FILE = WeatherApp2UITests/Info.plist;
				LD_RUNPATH_SEARCH_PATHS = (
					"$(inherited)",
					"@executable_path/Frameworks",
					"@loader_path/Frameworks",
				);
				PRODUCT_BUNDLE_IDENTIFIER = com.AppByNurlan.WeatherApp2UITests;
				PRODUCT_NAME = "$(TARGET_NAME)";
				SWIFT_VERSION = 5.0;
				TARGETED_DEVICE_FAMILY = "1,2";
				TEST_TARGET_NAME = WeatherApp2;
			};
			name = Release;
		};
/* End XCBuildConfiguration section */

/* Begin XCConfigurationList section */
		2B44B91225F27C780034E00F /* Build configuration list for PBXProject "WeatherApp2" */ = {
			isa = XCConfigurationList;
			buildConfigurations = (
				2B44B93F25F27C7C0034E00F /* Debug */,
				2B44B94025F27C7C0034E00F /* Release */,
			);
			defaultConfigurationIsVisible = 0;
			defaultConfigurationName = Release;
		};
		2B44B94125F27C7C0034E00F /* Build configuration list for PBXNativeTarget "WeatherApp2" */ = {
			isa = XCConfigurationList;
			buildConfigurations = (
				2B44B94225F27C7C0034E00F /* Debug */,
				2B44B94325F27C7C0034E00F /* Release */,
			);
			defaultConfigurationIsVisible = 0;
			defaultConfigurationName = Release;
		};
		2B44B94425F27C7C0034E00F /* Build configuration list for PBXNativeTarget "WeatherApp2Tests" */ = {
			isa = XCConfigurationList;
			buildConfigurations = (
				2B44B94525F27C7C0034E00F /* Debug */,
				2B44B94625F27C7C0034E00F /* Release */,
			);
			defaultConfigurationIsVisible = 0;
			defaultConfigurationName = Release;
		};
		2B44B94725F27C7C0034E00F /* Build configuration list for PBXNativeTarget "WeatherApp2UITests" */ = {
			isa = XCConfigurationList;
			buildConfigurations = (
				2B44B94825F27C7C0034E00F /* Debug */,
				2B44B94925F27C7C0034E00F /* Release */,
			);
			defaultConfigurationIsVisible = 0;
			defaultConfigurationName = Release;
		};
/* End XCConfigurationList section */
	};
	rootObject = 2B44B90F25F27C780034E00F /* Project object */;
}
